
Microsoft Visual Studio Solution File, Format Version 12.00
# Visual Studio Version 16
VisualStudioVersion = 16.0.30309.148
MinimumVisualStudioVersion = 10.0.40219.1
Project("{FAE04EC0-301F-11D3-BF4B-00C04F79EFBC}") = "ConsoleApp1", "ConsoleApp1.csproj", "{6D61CC9F-92D4-42D9-AFFD-6593E653D601}"
EndProject
Global
	GlobalSection(SolutionConfigurationPlatforms) = preSolution
		Debug|Any CPU = Debug|Any CPU
		Release|Any CPU = Release|Any CPU
	EndGlobalSection
	GlobalSection(ProjectConfigurationPlatforms) = postSolution
		{6D61CC9F-92D4-42D9-AFFD-6593E653D601}.Debug|Any CPU.ActiveCfg = Debug|Any CPU
		{6D61CC9F-92D4-42D9-AFFD-6593E653D601}.Debug|Any CPU.Build.0 = Debug|Any CPU
		{6D61CC9F-92D4-42D9-AFFD-6593E653D601}.Release|Any CPU.ActiveCfg = Release|Any CPU
		{6D61CC9F-92D4-42D9-AFFD-6593E653D601}.Release|Any CPU.Build.0 = Release|Any CPU
	EndGlobalSection
	GlobalSection(SolutionProperties) = preSolution
		HideSolutionNode = FALSE
	EndGlobalSection
	GlobalSection(ExtensibilityGlobals) = postSolution
		SolutionGuid = {05431AD6-C756-48A7-9CA0-8D7C5652AA65}
	EndGlobalSection
EndGlobal
